
Microsoft Visual Studio Solution File, Format Version 12.00
# Visual Studio Version 17
VisualStudioVersion = 17.0.31912.275
MinimumVisualStudioVersion = 10.0.40219.1
Project("{2150E333-8FDC-42A3-9474-1A3956D46DE8}") = "src", "src", "{E584C11A-C88B-4F08-91C2-071A9CF03420}"
EndProject
Project("{2150E333-8FDC-42A3-9474-1A3956D46DE8}") = "Core", "Core", "{AE307AB4-276D-40F2-95FE-6F7481570325}"
EndProject
Project("{2150E333-8FDC-42A3-9474-1A3956D46DE8}") = "Infrastrucutre", "Infrastrucutre", "{69E8769C-5907-4C2E-B893-2F8129828C10}"
EndProject
Project("{2150E333-8FDC-42A3-9474-1A3956D46DE8}") = "Presentation", "Presentation", "{AA749150-7B2C-4D1A-BCCD-31DCE62097BE}"
EndProject
Project("{9A19103F-16F7-4668-BE54-9A1E7A4F7556}") = "Application", "Application\Application.csproj", "{3AF59EED-72A2-451B-97CB-906C134C13F2}"
EndProject
Project("{9A19103F-16F7-4668-BE54-9A1E7A4F7556}") = "Domain", "Domain\Domain.csproj", "{1B77D8D4-58B0-43B5-8572-0CF67C1B6A27}"
EndProject
Project("{9A19103F-16F7-4668-BE54-9A1E7A4F7556}") = "Persistence", "Persistence\Persistence.csproj", "{8A653245-5D6F-43D3-BFE9-FD38EEAA9A3B}"
EndProject
Project("{9A19103F-16F7-4668-BE54-9A1E7A4F7556}") = "Shared", "Shared\Shared.csproj", "{75A42CDB-EE50-4C11-9299-1D2FAF4D24F4}"
EndProject
Project("{9A19103F-16F7-4668-BE54-9A1E7A4F7556}") = "WebApi", "WebApi\WebApi.csproj", "{B7CBC99D-176D-442D-A3EF-5F7D3ED0751C}"
EndProject
Global
	GlobalSection(SolutionConfigurationPlatforms) = preSolution
		Debug|Any CPU = Debug|Any CPU
		Release|Any CPU = Release|Any CPU
	EndGlobalSection
	GlobalSection(ProjectConfigurationPlatforms) = postSolution
		{3AF59EED-72A2-451B-97CB-906C134C13F2}.Debug|Any CPU.ActiveCfg = Debug|Any CPU
		{3AF59EED-72A2-451B-97CB-906C134C13F2}.Debug|Any CPU.Build.0 = Debug|Any CPU
		{3AF59EED-72A2-451B-97CB-906C134C13F2}.Release|Any CPU.ActiveCfg = Release|Any CPU
		{3AF59EED-72A2-451B-97CB-906C134C13F2}.Release|Any CPU.Build.0 = Release|Any CPU
		{1B77D8D4-58B0-43B5-8572-0CF67C1B6A27}.Debug|Any CPU.ActiveCfg = Debug|Any CPU
		{1B77D8D4-58B0-43B5-8572-0CF67C1B6A27}.Debug|Any CPU.Build.0 = Debug|Any CPU
		{1B77D8D4-58B0-43B5-8572-0CF67C1B6A27}.Release|Any CPU.ActiveCfg = Release|Any CPU
		{1B77D8D4-58B0-43B5-8572-0CF67C1B6A27}.Release|Any CPU.Build.0 = Release|Any CPU
		{8A653245-5D6F-43D3-BFE9-FD38EEAA9A3B}.Debug|Any CPU.ActiveCfg = Debug|Any CPU
		{8A653245-5D6F-43D3-BFE9-FD38EEAA9A3B}.Debug|Any CPU.Build.0 = Debug|Any CPU
		{8A653245-5D6F-43D3-BFE9-FD38EEAA9A3B}.Release|Any CPU.ActiveCfg = Release|Any CPU
		{8A653245-5D6F-43D3-BFE9-FD38EEAA9A3B}.Release|Any CPU.Build.0 = Release|Any CPU
		{75A42CDB-EE50-4C11-9299-1D2FAF4D24F4}.Debug|Any CPU.ActiveCfg = Debug|Any CPU
		{75A42CDB-EE50-4C11-9299-1D2FAF4D24F4}.Debug|Any CPU.Build.0 = Debug|Any CPU
		{75A42CDB-EE50-4C11-9299-1D2FAF4D24F4}.Release|Any CPU.ActiveCfg = Release|Any CPU
		{75A42CDB-EE50-4C11-9299-1D2FAF4D24F4}.Release|Any CPU.Build.0 = Release|Any CPU
		{B7CBC99D-176D-442D-A3EF-5F7D3ED0751C}.Debug|Any CPU.ActiveCfg = Debug|Any CPU
		{B7CBC99D-176D-442D-A3EF-5F7D3ED0751C}.Debug|Any CPU.Build.0 = Debug|Any CPU
		{B7CBC99D-176D-442D-A3EF-5F7D3ED0751C}.Release|Any CPU.ActiveCfg = Release|Any CPU
		{B7CBC99D-176D-442D-A3EF-5F7D3ED0751C}.Release|Any CPU.Build.0 = Release|Any CPU
	EndGlobalSection
	GlobalSection(SolutionProperties) = preSolution
		HideSolutionNode = FALSE
	EndGlobalSection
	GlobalSection(NestedProjects) = preSolution
		{AE307AB4-276D-40F2-95FE-6F7481570325} = {E584C11A-C88B-4F08-91C2-071A9CF03420}
		{69E8769C-5907-4C2E-B893-2F8129828C10} = {E584C11A-C88B-4F08-91C2-071A9CF03420}
		{AA749150-7B2C-4D1A-BCCD-31DCE62097BE} = {E584C11A-C88B-4F08-91C2-071A9CF03420}
		{3AF59EED-72A2-451B-97CB-906C134C13F2} = {AE307AB4-276D-40F2-95FE-6F7481570325}
		{1B77D8D4-58B0-43B5-8572-0CF67C1B6A27} = {AE307AB4-276D-40F2-95FE-6F7481570325}
		{8A653245-5D6F-43D3-BFE9-FD38EEAA9A3B} = {69E8769C-5907-4C2E-B893-2F8129828C10}
		{75A42CDB-EE50-4C11-9299-1D2FAF4D24F4} = {69E8769C-5907-4C2E-B893-2F8129828C10}
		{B7CBC99D-176D-442D-A3EF-5F7D3ED0751C} = {AA749150-7B2C-4D1A-BCCD-31DCE62097BE}
	EndGlobalSection
	GlobalSection(ExtensibilityGlobals) = postSolution
		SolutionGuid = {83D30483-C267-413B-AFEE-E3AA610D5410}
	EndGlobalSection
EndGlobal
